
Microsoft Visual Studio Solution File, Format Version 12.00
# Visual Studio Version 17
VisualStudioVersion = 17.7.34009.444
MinimumVisualStudioVersion = 10.0.40219.1
Project("{9A19103F-16F7-4668-BE54-9A1E7A4F7556}") = "MagicVilla_VillaAPI", "MagicVilla_VillaAPI\MagicVilla_VillaAPI.csproj", "{EB929D31-A8F7-4775-AE2C-CE3D2BF32793}"
EndProject
Global
	GlobalSection(SolutionConfigurationPlatforms) = preSolution
		Debug|Any CPU = Debug|Any CPU
		Release|Any CPU = Release|Any CPU
	EndGlobalSection
	GlobalSection(ProjectConfigurationPlatforms) = postSolution
		{EB929D31-A8F7-4775-AE2C-CE3D2BF32793}.Debug|Any CPU.ActiveCfg = Debug|Any CPU
		{EB929D31-A8F7-4775-AE2C-CE3D2BF32793}.Debug|Any CPU.Build.0 = Debug|Any CPU
		{EB929D31-A8F7-4775-AE2C-CE3D2BF32793}.Release|Any CPU.ActiveCfg = Release|Any CPU
		{EB929D31-A8F7-4775-AE2C-CE3D2BF32793}.Release|Any CPU.Build.0 = Release|Any CPU
	EndGlobalSection
	GlobalSection(SolutionProperties) = preSolution
		HideSolutionNode = FALSE
	EndGlobalSection
	GlobalSection(ExtensibilityGlobals) = postSolution
		SolutionGuid = {99B09A3A-082A-4033-A3E3-E9BA581CDE37}
	EndGlobalSection
EndGlobal
